
Microsoft Visual Studio Solution File, Format Version 12.00
# Visual Studio Version 17
VisualStudioVersion = 17.8.34525.116
MinimumVisualStudioVersion = 10.0.40219.1
Project("{FAE04EC0-301F-11D3-BF4B-00C04F79EFBC}") = "GenetikAlgoritma_Odev", "GenetikAlgoritma_Odev\GenetikAlgoritma_Odev.csproj", "{A475624E-FD4F-4C77-97B8-9B15B3C92D3E}"
EndProject
Global
	GlobalSection(SolutionConfigurationPlatforms) = preSolution
		Debug|Any CPU = Debug|Any CPU
		Release|Any CPU = Release|Any CPU
	EndGlobalSection
	GlobalSection(ProjectConfigurationPlatforms) = postSolution
		{A475624E-FD4F-4C77-97B8-9B15B3C92D3E}.Debug|Any CPU.ActiveCfg = Debug|Any CPU
		{A475624E-FD4F-4C77-97B8-9B15B3C92D3E}.Debug|Any CPU.Build.0 = Debug|Any CPU
		{A475624E-FD4F-4C77-97B8-9B15B3C92D3E}.Release|Any CPU.ActiveCfg = Release|Any CPU
		{A475624E-FD4F-4C77-97B8-9B15B3C92D3E}.Release|Any CPU.Build.0 = Release|Any CPU
	EndGlobalSection
	GlobalSection(SolutionProperties) = preSolution
		HideSolutionNode = FALSE
	EndGlobalSection
	GlobalSection(ExtensibilityGlobals) = postSolution
		SolutionGuid = {68C7D463-606C-4272-B074-3866CCA3F6E2}
	EndGlobalSection
EndGlobal
